
Microsoft Visual Studio Solution File, Format Version 12.00
# Visual Studio 15
VisualStudioVersion = 15.0.27130.2010
MinimumVisualStudioVersion = 10.0.40219.1
Project("{888888A0-9F3D-457C-B088-3A5042F75D52}") = "TwitterBob", "TwitterBob\TwitterBob.pyproj", "{2FA87D01-5434-40F5-BF3A-975377EC4C45}"
EndProject
Global
	GlobalSection(SolutionConfigurationPlatforms) = preSolution
		Debug|Any CPU = Debug|Any CPU
		Release|Any CPU = Release|Any CPU
	EndGlobalSection
	GlobalSection(ProjectConfigurationPlatforms) = postSolution
		{2FA87D01-5434-40F5-BF3A-975377EC4C45}.Debug|Any CPU.ActiveCfg = Debug|Any CPU
		{2FA87D01-5434-40F5-BF3A-975377EC4C45}.Release|Any CPU.ActiveCfg = Release|Any CPU
	EndGlobalSection
	GlobalSection(SolutionProperties) = preSolution
		HideSolutionNode = FALSE
	EndGlobalSection
	GlobalSection(ExtensibilityGlobals) = postSolution
		SolutionGuid = {B6927EAD-6391-476E-8E74-27AD23AD2446}
	EndGlobalSection
EndGlobal
